
Microsoft Visual Studio Solution File, Format Version 12.00
# Visual Studio Version 16
VisualStudioVersion = 16.0.31229.75
MinimumVisualStudioVersion = 10.0.40219.1
Project("{FAE04EC0-301F-11D3-BF4B-00C04F79EFBC}") = "CsharpFundamentals", "CsharpFundamentals\CsharpFundamentals.csproj", "{96FFBA72-31E8-41D5-AC3F-F8273D10840A}"
EndProject
Global
	GlobalSection(SolutionConfigurationPlatforms) = preSolution
		Debug|Any CPU = Debug|Any CPU
		Release|Any CPU = Release|Any CPU
	EndGlobalSection
	GlobalSection(ProjectConfigurationPlatforms) = postSolution
		{96FFBA72-31E8-41D5-AC3F-F8273D10840A}.Debug|Any CPU.ActiveCfg = Debug|Any CPU
		{96FFBA72-31E8-41D5-AC3F-F8273D10840A}.Debug|Any CPU.Build.0 = Debug|Any CPU
		{96FFBA72-31E8-41D5-AC3F-F8273D10840A}.Release|Any CPU.ActiveCfg = Release|Any CPU
		{96FFBA72-31E8-41D5-AC3F-F8273D10840A}.Release|Any CPU.Build.0 = Release|Any CPU
	EndGlobalSection
	GlobalSection(SolutionProperties) = preSolution
		HideSolutionNode = FALSE
	EndGlobalSection
	GlobalSection(ExtensibilityGlobals) = postSolution
		SolutionGuid = {39AB9599-0A47-4BF0-ABDF-5DC3F1021467}
	EndGlobalSection
EndGlobal
